
Microsoft Visual Studio Solution File, Format Version 12.00
# Visual Studio 15
VisualStudioVersion = 15.0.27130.0
MinimumVisualStudioVersion = 10.0.40219.1
Project("{FAE04EC0-301F-11D3-BF4B-00C04F79EFBC}") = "RetailStore", "RetailStore\RetailStore.csproj", "{E4E651DF-5898-4467-A475-4AA39E2975A1}"
EndProject
Global
	GlobalSection(SolutionConfigurationPlatforms) = preSolution
		Debug|Any CPU = Debug|Any CPU
		Release|Any CPU = Release|Any CPU
	EndGlobalSection
	GlobalSection(ProjectConfigurationPlatforms) = postSolution
		{E4E651DF-5898-4467-A475-4AA39E2975A1}.Debug|Any CPU.ActiveCfg = Debug|Any CPU
		{E4E651DF-5898-4467-A475-4AA39E2975A1}.Debug|Any CPU.Build.0 = Debug|Any CPU
		{E4E651DF-5898-4467-A475-4AA39E2975A1}.Release|Any CPU.ActiveCfg = Release|Any CPU
		{E4E651DF-5898-4467-A475-4AA39E2975A1}.Release|Any CPU.Build.0 = Release|Any CPU
	EndGlobalSection
	GlobalSection(SolutionProperties) = preSolution
		HideSolutionNode = FALSE
	EndGlobalSection
	GlobalSection(ExtensibilityGlobals) = postSolution
		SolutionGuid = {F7AFF98D-D313-4A94-9285-0C1AA64E5FAA}
	EndGlobalSection
EndGlobal
